
Microsoft Visual Studio Solution File, Format Version 12.00
# Visual Studio Version 17
VisualStudioVersion = 17.3.32825.248
MinimumVisualStudioVersion = 10.0.40219.1
Project("{9A19103F-16F7-4668-BE54-9A1E7A4F7556}") = "BookStore.Data", "BookStore.Data\BookStore.Data.csproj", "{CAE20025-9274-4307-AF0A-87F34F11FAE9}"
EndProject
Project("{FAE04EC0-301F-11D3-BF4B-00C04F79EFBC}") = "BookStore.Web", "BookStore.Web\BookStore.Web.csproj", "{6008E35C-7816-4B79-9243-D14DF45725E2}"
EndProject
Global
	GlobalSection(SolutionConfigurationPlatforms) = preSolution
		Debug|Any CPU = Debug|Any CPU
		Release|Any CPU = Release|Any CPU
	EndGlobalSection
	GlobalSection(ProjectConfigurationPlatforms) = postSolution
		{CAE20025-9274-4307-AF0A-87F34F11FAE9}.Debug|Any CPU.ActiveCfg = Debug|Any CPU
		{CAE20025-9274-4307-AF0A-87F34F11FAE9}.Debug|Any CPU.Build.0 = Debug|Any CPU
		{CAE20025-9274-4307-AF0A-87F34F11FAE9}.Release|Any CPU.ActiveCfg = Release|Any CPU
		{CAE20025-9274-4307-AF0A-87F34F11FAE9}.Release|Any CPU.Build.0 = Release|Any CPU
		{6008E35C-7816-4B79-9243-D14DF45725E2}.Debug|Any CPU.ActiveCfg = Debug|Any CPU
		{6008E35C-7816-4B79-9243-D14DF45725E2}.Debug|Any CPU.Build.0 = Debug|Any CPU
		{6008E35C-7816-4B79-9243-D14DF45725E2}.Release|Any CPU.ActiveCfg = Release|Any CPU
		{6008E35C-7816-4B79-9243-D14DF45725E2}.Release|Any CPU.Build.0 = Release|Any CPU
	EndGlobalSection
	GlobalSection(SolutionProperties) = preSolution
		HideSolutionNode = FALSE
	EndGlobalSection
	GlobalSection(ExtensibilityGlobals) = postSolution
		SolutionGuid = {DEBAFEDB-53E4-4C04-A9BB-BE42ED37FB01}
	EndGlobalSection
EndGlobal
